
Microsoft Visual Studio Solution File, Format Version 12.00
# Visual Studio 15
VisualStudioVersion = 15.0.28307.960
MinimumVisualStudioVersion = 10.0.40219.1
Project("{FAE04EC0-301F-11D3-BF4B-00C04F79EFBC}") = "Laba4", "Laba4\Laba4.csproj", "{6194FB2F-1456-4C58-BF60-AFC858F8E5F4}"
EndProject
Global
	GlobalSection(SolutionConfigurationPlatforms) = preSolution
		Debug|Any CPU = Debug|Any CPU
		Release|Any CPU = Release|Any CPU
	EndGlobalSection
	GlobalSection(ProjectConfigurationPlatforms) = postSolution
		{6194FB2F-1456-4C58-BF60-AFC858F8E5F4}.Debug|Any CPU.ActiveCfg = Debug|Any CPU
		{6194FB2F-1456-4C58-BF60-AFC858F8E5F4}.Debug|Any CPU.Build.0 = Debug|Any CPU
		{6194FB2F-1456-4C58-BF60-AFC858F8E5F4}.Release|Any CPU.ActiveCfg = Release|Any CPU
		{6194FB2F-1456-4C58-BF60-AFC858F8E5F4}.Release|Any CPU.Build.0 = Release|Any CPU
	EndGlobalSection
	GlobalSection(SolutionProperties) = preSolution
		HideSolutionNode = FALSE
	EndGlobalSection
	GlobalSection(ExtensibilityGlobals) = postSolution
		SolutionGuid = {BA07898E-7D0E-42FA-BA35-02B10E55E434}
	EndGlobalSection
EndGlobal
